// !$*UTF8*$!
{
	archiveVersion = 1;
	classes = {
	};
	objectVersion = 56;
	objects = {

/* Begin PBXBuildFile section */
		0229A7572A40B7D1001934A8 /* LearnMapKitiOS17App.swift in Sources */ = {isa = PBXBuildFile; fileRef = 0229A7562A40B7D1001934A8 /* LearnMapKitiOS17App.swift */; };
		0229A7592A40B7D1001934A8 /* ContentView.swift in Sources */ = {isa = PBXBuildFile; fileRef = 0229A7582A40B7D1001934A8 /* ContentView.swift */; };
		0229A75B2A40B7D2001934A8 /* Assets.xcassets in Resources */ = {isa = PBXBuildFile; fileRef = 0229A75A2A40B7D2001934A8 /* Assets.xcassets */; };
		0229A75E2A40B7D2001934A8 /* Preview Assets.xcassets in Resources */ = {isa = PBXBuildFile; fileRef = 0229A75D2A40B7D2001934A8 /* Preview Assets.xcassets */; };
		0229A7682A40B7D2001934A8 /* LearnMapKitiOS17Tests.swift in Sources */ = {isa = PBXBuildFile; fileRef = 0229A7672A40B7D2001934A8 /* LearnMapKitiOS17Tests.swift */; };
		0229A7722A40B7D2001934A8 /* LearnMapKitiOS17UITests.swift in Sources */ = {isa = PBXBuildFile; fileRef = 0229A7712A40B7D2001934A8 /* LearnMapKitiOS17UITests.swift */; };
		0229A7742A40B7D2001934A8 /* LearnMapKitiOS17UITestsLaunchTests.swift in Sources */ = {isa = PBXBuildFile; fileRef = 0229A7732A40B7D2001934A8 /* LearnMapKitiOS17UITestsLaunchTests.swift */; };
		0229A7822A40D905001934A8 /* CLLocationCoordinate2D.swift in Sources */ = {isa = PBXBuildFile; fileRef = 0229A7812A40D905001934A8 /* CLLocationCoordinate2D.swift */; };
		027693C72ACE36FE00778ACA /* MapViewWrapper.swift in Sources */ = {isa = PBXBuildFile; fileRef = 027693C62ACE36FE00778ACA /* MapViewWrapper.swift */; };
/* End PBXBuildFile section */

/* Begin PBXContainerItemProxy section */
		0229A7642A40B7D2001934A8 /* PBXContainerItemProxy */ = {
			isa = PBXContainerItemProxy;
			containerPortal = 0229A74B2A40B7D1001934A8 /* Project object */;
			proxyType = 1;
			remoteGlobalIDString = 0229A7522A40B7D1001934A8;
			remoteInfo = LearnMapKitiOS17;
		};
		0229A76E2A40B7D2001934A8 /* PBXContainerItemProxy */ = {
			isa = PBXContainerItemProxy;
			containerPortal = 0229A74B2A40B7D1001934A8 /* Project object */;
			proxyType = 1;
			remoteGlobalIDString = 0229A7522A40B7D1001934A8;
			remoteInfo = LearnMapKitiOS17;
		};
/* End PBXContainerItemProxy section */

/* Begin PBXFileReference section */
		0229A7532A40B7D1001934A8 /* LearnMapKitiOS17.app */ = {isa = PBXFileReference; explicitFileType = wrapper.application; includeInIndex = 0; path = LearnMapKitiOS17.app; sourceTree = BUILT_PRODUCTS_DIR; };
		0229A7562A40B7D1001934A8 /* LearnMapKitiOS17App.swift */ = {isa = PBXFileReference; lastKnownFileType = sourcecode.swift; path = LearnMapKitiOS17App.swift; sourceTree = "<group>"; };
		0229A7582A40B7D1001934A8 /* ContentView.swift */ = {isa = PBXFileReference; lastKnownFileType = sourcecode.swift; path = ContentView.swift; sourceTree = "<group>"; };
		0229A75A2A40B7D2001934A8 /* Assets.xcassets */ = {isa = PBXFileReference; lastKnownFileType = folder.assetcatalog; path = Assets.xcassets; sourceTree = "<group>"; };
		0229A75D2A40B7D2001934A8 /* Preview Assets.xcassets */ = {isa = PBXFileReference; lastKnownFileType = folder.assetcatalog; path = "Preview Assets.xcassets"; sourceTree = "<group>"; };
		0229A7632A40B7D2001934A8 /* LearnMapKitiOS17Tests.xctest */ = {isa = PBXFileReference; explicitFileType = wrapper.cfbundle; includeInIndex = 0; path = LearnMapKitiOS17Tests.xctest; sourceTree = BUILT_PRODUCTS_DIR; };
		0229A7672A40B7D2001934A8 /* LearnMapKitiOS17Tests.swift */ = {isa = PBXFileReference; lastKnownFileType = sourcecode.swift; path = LearnMapKitiOS17Tests.swift; sourceTree = "<group>"; };
		0229A76D2A40B7D2001934A8 /* LearnMapKitiOS17UITests.xctest */ = {isa = PBXFileReference; explicitFileType = wrapper.cfbundle; includeInIndex = 0; path = LearnMapKitiOS17UITests.xctest; sourceTree = BUILT_PRODUCTS_DIR; };
		0229A7712A40B7D2001934A8 /* LearnMapKitiOS17UITests.swift */ = {isa = PBXFileReference; lastKnownFileType = sourcecode.swift; path = LearnMapKitiOS17UITests.swift; sourceTree = "<group>"; };
		0229A7732A40B7D2001934A8 /* LearnMapKitiOS17UITestsLaunchTests.swift */ = {isa = PBXFileReference; lastKnownFileType = sourcecode.swift; path = LearnMapKitiOS17UITestsLaunchTests.swift; sourceTree = "<group>"; };
		0229A7812A40D905001934A8 /* CLLocationCoordinate2D.swift */ = {isa = PBXFileReference; lastKnownFileType = sourcecode.swift; path = CLLocationCoordinate2D.swift; sourceTree = "<group>"; };
		027693C62ACE36FE00778ACA /* MapViewWrapper.swift */ = {isa = PBXFileReference; lastKnownFileType = sourcecode.swift; path = MapViewWrapper.swift; sourceTree = "<group>"; };
/* End PBXFileReference section */

/* Begin PBXFrameworksBuildPhase section */
		0229A7502A40B7D1001934A8 /* Frameworks */ = {
			isa = PBXFrameworksBuildPhase;
			buildActionMask = 2147483647;
			files = (
			);
			runOnlyForDeploymentPostprocessing = 0;
		};
		0229A7602A40B7D2001934A8 /* Frameworks */ = {
			isa = PBXFrameworksBuildPhase;
			buildActionMask = 2147483647;
			files = (
			);
			runOnlyForDeploymentPostprocessing = 0;
		};
		0229A76A2A40B7D2001934A8 /* Frameworks */ = {
			isa = PBXFrameworksBuildPhase;
			buildActionMask = 2147483647;
			files = (
			);
			runOnlyForDeploymentPostprocessing = 0;
		};
/* End PBXFrameworksBuildPhase section */

/* Begin PBXGroup section */
		0229A74A2A40B7D1001934A8 = {
			isa = PBXGroup;
			children = (
				0229A7552A40B7D1001934A8 /* LearnMapKitiOS17 */,
				0229A7662A40B7D2001934A8 /* LearnMapKitiOS17Tests */,
				0229A7702A40B7D2001934A8 /* LearnMapKitiOS17UITests */,
				0229A7542A40B7D1001934A8 /* Products */,
				D83EF634E9AC8399C3B45EA3 /* xcschemes */,
			);
			sourceTree = "<group>";
		};
		0229A7542A40B7D1001934A8 /* Products */ = {
			isa = PBXGroup;
			children = (
				0229A7532A40B7D1001934A8 /* LearnMapKitiOS17.app */,
				0229A7632A40B7D2001934A8 /* LearnMapKitiOS17Tests.xctest */,
				0229A76D2A40B7D2001934A8 /* LearnMapKitiOS17UITests.xctest */,
			);
			name = Products;
			sourceTree = "<group>";
		};
		0229A7552A40B7D1001934A8 /* LearnMapKitiOS17 */ = {
			isa = PBXGroup;
			children = (
				0229A7802A40D8E6001934A8 /* Extensions */,
				0229A7562A40B7D1001934A8 /* LearnMapKitiOS17App.swift */,
				0229A7582A40B7D1001934A8 /* ContentView.swift */,
				0229A75A2A40B7D2001934A8 /* Assets.xcassets */,
				0229A75C2A40B7D2001934A8 /* Preview Content */,
				027693C62ACE36FE00778ACA /* MapViewWrapper.swift */,
			);
			path = LearnMapKitiOS17;
			sourceTree = "<group>";
		};
		0229A75C2A40B7D2001934A8 /* Preview Content */ = {
			isa = PBXGroup;
			children = (
				0229A75D2A40B7D2001934A8 /* Preview Assets.xcassets */,
			);
			path = "Preview Content";
			sourceTree = "<group>";
		};
		0229A7662A40B7D2001934A8 /* LearnMapKitiOS17Tests */ = {
			isa = PBXGroup;
			children = (
				0229A7672A40B7D2001934A8 /* LearnMapKitiOS17Tests.swift */,
			);
			path = LearnMapKitiOS17Tests;
			sourceTree = "<group>";
		};
		0229A7702A40B7D2001934A8 /* LearnMapKitiOS17UITests */ = {
			isa = PBXGroup;
			children = (
				0229A7712A40B7D2001934A8 /* LearnMapKitiOS17UITests.swift */,
				0229A7732A40B7D2001934A8 /* LearnMapKitiOS17UITestsLaunchTests.swift */,
			);
			path = LearnMapKitiOS17UITests;
			sourceTree = "<group>";
		};
		0229A7802A40D8E6001934A8 /* Extensions */ = {
			isa = PBXGroup;
			children = (
				0229A7812A40D905001934A8 /* CLLocationCoordinate2D.swift */,
			);
			path = Extensions;
			sourceTree = "<group>";
		};
		D83EF634E9AC8399C3B45EA3 /* xcschemes */ = {
			isa = PBXGroup;
			children = (
			);
			name = xcschemes;
			path = LearnMapKitiOS17.xcodeproj/project.xcworkspace/xcuserdata/tomhackbarth.xcuserdatad/xcschemes;
			sourceTree = "<group>";
		};
/* End PBXGroup section */

/* Begin PBXNativeTarget section */
		0229A7522A40B7D1001934A8 /* LearnMapKitiOS17 */ = {
			isa = PBXNativeTarget;
			buildConfigurationList = 0229A7772A40B7D2001934A8 /* Build configuration list for PBXNativeTarget "LearnMapKitiOS17" */;
			buildPhases = (
				0229A74F2A40B7D1001934A8 /* Sources */,
				0229A7502A40B7D1001934A8 /* Frameworks */,
				0229A7512A40B7D1001934A8 /* Resources */,
			);
			buildRules = (
			);
			dependencies = (
			);
			name = LearnMapKitiOS17;
			productName = LearnMapKitiOS17;
			productReference = 0229A7532A40B7D1001934A8 /* LearnMapKitiOS17.app */;
			productType = "com.apple.product-type.application";
		};
		0229A7622A40B7D2001934A8 /* LearnMapKitiOS17Tests */ = {
			isa = PBXNativeTarget;
			buildConfigurationList = 0229A77A2A40B7D2001934A8 /* Build configuration list for PBXNativeTarget "LearnMapKitiOS17Tests" */;
			buildPhases = (
				0229A75F2A40B7D2001934A8 /* Sources */,
				0229A7602A40B7D2001934A8 /* Frameworks */,
				0229A7612A40B7D2001934A8 /* Resources */,
			);
			buildRules = (
			);
			dependencies = (
				0229A7652A40B7D2001934A8 /* PBXTargetDependency */,
			);
			name = LearnMapKitiOS17Tests;
			productName = LearnMapKitiOS17Tests;
			productReference = 0229A7632A40B7D2001934A8 /* LearnMapKitiOS17Tests.xctest */;
			productType = "com.apple.product-type.bundle.unit-test";
		};
		0229A76C2A40B7D2001934A8 /* LearnMapKitiOS17UITests */ = {
			isa = PBXNativeTarget;
			buildConfigurationList = 0229A77D2A40B7D2001934A8 /* Build configuration list for PBXNativeTarget "LearnMapKitiOS17UITests" */;
			buildPhases = (
				0229A7692A40B7D2001934A8 /* Sources */,
				0229A76A2A40B7D2001934A8 /* Frameworks */,
				0229A76B2A40B7D2001934A8 /* Resources */,
			);
			buildRules = (
			);
			dependencies = (
				0229A76F2A40B7D2001934A8 /* PBXTargetDependency */,
			);
			name = LearnMapKitiOS17UITests;
			productName = LearnMapKitiOS17UITests;
			productReference = 0229A76D2A40B7D2001934A8 /* LearnMapKitiOS17UITests.xctest */;
			productType = "com.apple.product-type.bundle.ui-testing";
		};
/* End PBXNativeTarget section */

/* Begin PBXProject section */
		0229A74B2A40B7D1001934A8 /* Project object */ = {
			isa = PBXProject;
			attributes = {
				BuildIndependentTargetsInParallel = 1;
				LastSwiftUpdateCheck = 1500;
				LastUpgradeCheck = 1500;
				TargetAttributes = {
					0229A7522A40B7D1001934A8 = {
						CreatedOnToolsVersion = 15.0;
					};
					0229A7622A40B7D2001934A8 = {
						CreatedOnToolsVersion = 15.0;
						TestTargetID = 0229A7522A40B7D1001934A8;
					};
					0229A76C2A40B7D2001934A8 = {
						CreatedOnToolsVersion = 15.0;
						TestTargetID = 0229A7522A40B7D1001934A8;
					};
				};
			};
			buildConfigurationList = 0229A74E2A40B7D1001934A8 /* Build configuration list for PBXProject "LearnMapKitiOS17" */;
			compatibilityVersion = "Xcode 14.0";
			developmentRegion = en;
			hasScannedForEncodings = 0;
			knownRegions = (
				en,
				Base,
			);
			mainGroup = 0229A74A2A40B7D1001934A8;
			productRefGroup = 0229A7542A40B7D1001934A8 /* Products */;
			projectDirPath = "";
			projectRoot = "";
			targets = (
				0229A7522A40B7D1001934A8 /* LearnMapKitiOS17 */,
				0229A7622A40B7D2001934A8 /* LearnMapKitiOS17Tests */,
				0229A76C2A40B7D2001934A8 /* LearnMapKitiOS17UITests */,
			);
		};
/* End PBXProject section */

/* Begin PBXResourcesBuildPhase section */
		0229A7512A40B7D1001934A8 /* Resources */ = {
			isa = PBXResourcesBuildPhase;
			buildActionMask = 2147483647;
			files = (
				0229A75E2A40B7D2001934A8 /* Preview Assets.xcassets in Resources */,
				0229A75B2A40B7D2001934A8 /* Assets.xcassets in Resources */,
			);
			runOnlyForDeploymentPostprocessing = 0;
		};
		0229A7612A40B7D2001934A8 /* Resources */ = {
			isa = PBXResourcesBuildPhase;
			buildActionMask = 2147483647;
			files = (
			);
			runOnlyForDeploymentPostprocessing = 0;
		};
		0229A76B2A40B7D2001934A8 /* Resources */ = {
			isa = PBXResourcesBuildPhase;
			buildActionMask = 2147483647;
			files = (
			);
			runOnlyForDeploymentPostprocessing = 0;
		};
/* End PBXResourcesBuildPhase section */

/* Begin PBXSourcesBuildPhase section */
		0229A74F2A40B7D1001934A8 /* Sources */ = {
			isa = PBXSourcesBuildPhase;
			buildActionMask = 2147483647;
			files = (
				0229A7592A40B7D1001934A8 /* ContentView.swift in Sources */,
				027693C72ACE36FE00778ACA /* MapViewWrapper.swift in Sources */,
				0229A7572A40B7D1001934A8 /* LearnMapKitiOS17App.swift in Sources */,
				0229A7822A40D905001934A8 /* CLLocationCoordinate2D.swift in Sources */,
			);
			runOnlyForDeploymentPostprocessing = 0;
		};
		0229A75F2A40B7D2001934A8 /* Sources */ = {
			isa = PBXSourcesBuildPhase;
			buildActionMask = 2147483647;
			files = (
				0229A7682A40B7D2001934A8 /* LearnMapKitiOS17Tests.swift in Sources */,
			);
			runOnlyForDeploymentPostprocessing = 0;
		};
		0229A7692A40B7D2001934A8 /* Sources */ = {
			isa = PBXSourcesBuildPhase;
			buildActionMask = 2147483647;
			files = (
				0229A7722A40B7D2001934A8 /* LearnMapKitiOS17UITests.swift in Sources */,
				0229A7742A40B7D2001934A8 /* LearnMapKitiOS17UITestsLaunchTests.swift in Sources */,
			);
			runOnlyForDeploymentPostprocessing = 0;
		};
/* End PBXSourcesBuildPhase section */

/* Begin PBXTargetDependency section */
		0229A7652A40B7D2001934A8 /* PBXTargetDependency */ = {
			isa = PBXTargetDependency;
			target = 0229A7522A40B7D1001934A8 /* LearnMapKitiOS17 */;
			targetProxy = 0229A7642A40B7D2001934A8 /* PBXContainerItemProxy */;
		};
		0229A76F2A40B7D2001934A8 /* PBXTargetDependency */ = {
			isa = PBXTargetDependency;
			target = 0229A7522A40B7D1001934A8 /* LearnMapKitiOS17 */;
			targetProxy = 0229A76E2A40B7D2001934A8 /* PBXContainerItemProxy */;
		};
/* End PBXTargetDependency section */

/* Begin XCBuildConfiguration section */
		0229A7752A40B7D2001934A8 /* Debug */ = {
			isa = XCBuildConfiguration;
			buildSettings = {
				ALWAYS_SEARCH_USER_PATHS = NO;
				ASSETCATALOG_COMPILER_GENERATE_SWIFT_ASSET_SYMBOL_EXTENSIONS = YES;
				CLANG_ANALYZER_NONNULL = YES;
				CLANG_ANALYZER_NUMBER_OBJECT_CONVERSION = YES_AGGRESSIVE;
				CLANG_CXX_LANGUAGE_STANDARD = "gnu++20";
				CLANG_ENABLE_MODULES = YES;
				CLANG_ENABLE_OBJC_ARC = YES;
				CLANG_ENABLE_OBJC_WEAK = YES;
				CLANG_WARN_BLOCK_CAPTURE_AUTORELEASING = YES;
				CLANG_WARN_BOOL_CONVERSION = YES;
				CLANG_WARN_COMMA = YES;
				CLANG_WARN_CONSTANT_CONVERSION = YES;
				CLANG_WARN_DEPRECATED_OBJC_IMPLEMENTATIONS = YES;
				CLANG_WARN_DIRECT_OBJC_ISA_USAGE = YES_ERROR;
				CLANG_WARN_DOCUMENTATION_COMMENTS = YES;
				CLANG_WARN_EMPTY_BODY = YES;
				CLANG_WARN_ENUM_CONVERSION = YES;
				CLANG_WARN_INFINITE_RECURSION = YES;
				CLANG_WARN_INT_CONVERSION = YES;
				CLANG_WARN_NON_LITERAL_NULL_CONVERSION = YES;
				CLANG_WARN_OBJC_IMPLICIT_RETAIN_SELF = YES;
				CLANG_WARN_OBJC_LITERAL_CONVERSION = YES;
				CLANG_WARN_OBJC_ROOT_CLASS = YES_ERROR;
				CLANG_WARN_QUOTED_INCLUDE_IN_FRAMEWORK_HEADER = YES;
				CLANG_WARN_RANGE_LOOP_ANALYSIS = YES;
				CLANG_WARN_STRICT_PROTOTYPES = YES;
				CLANG_WARN_SUSPICIOUS_MOVE = YES;
				CLANG_WARN_UNGUARDED_AVAILABILITY = YES_AGGRESSIVE;
				CLANG_WARN_UNREACHABLE_CODE = YES;
				CLANG_WARN__DUPLICATE_METHOD_MATCH = YES;
				COPY_PHASE_STRIP = NO;
				DEBUG_INFORMATION_FORMAT = dwarf;
				ENABLE_STRICT_OBJC_MSGSEND = YES;
				ENABLE_TESTABILITY = YES;
				ENABLE_USER_SCRIPT_SANDBOXING = YES;
				GCC_C_LANGUAGE_STANDARD = gnu17;
				GCC_DYNAMIC_NO_PIC = NO;
				GCC_NO_COMMON_BLOCKS = YES;
				GCC_OPTIMIZATION_LEVEL = 0;
				GCC_PREPROCESSOR_DEFINITIONS = (
					"DEBUG=1",
					"$(inherited)",
				);
				GCC_WARN_64_TO_32_BIT_CONVERSION = YES;
				GCC_WARN_ABOUT_RETURN_TYPE = YES_ERROR;
				GCC_WARN_UNDECLARED_SELECTOR = YES;
				GCC_WARN_UNINITIALIZED_AUTOS = YES_AGGRESSIVE;
				GCC_WARN_UNUSED_FUNCTION = YES;
				GCC_WARN_UNUSED_VARIABLE = YES;
				IPHONEOS_DEPLOYMENT_TARGET = 17.0;
				LOCALIZATION_PREFERS_STRING_CATALOGS = YES;
				MTL_ENABLE_DEBUG_INFO = INCLUDE_SOURCE;
				MTL_FAST_MATH = YES;
				ONLY_ACTIVE_ARCH = YES;
				SDKROOT = iphoneos;
				SWIFT_ACTIVE_COMPILATION_CONDITIONS = "DEBUG $(inherited)";
				SWIFT_OPTIMIZATION_LEVEL = "-Onone";
			};
			name = Debug;
		};
		0229A7762A40B7D2001934A8 /* Release */ = {
			isa = XCBuildConfiguration;
			buildSettings = {
				ALWAYS_SEARCH_USER_PATHS = NO;
				ASSETCATALOG_COMPILER_GENERATE_SWIFT_ASSET_SYMBOL_EXTENSIONS = YES;
				CLANG_ANALYZER_NONNULL = YES;
				CLANG_ANALYZER_NUMBER_OBJECT_CONVERSION = YES_AGGRESSIVE;
				CLANG_CXX_LANGUAGE_STANDARD = "gnu++20";
				CLANG_ENABLE_MODULES = YES;
				CLANG_ENABLE_OBJC_ARC = YES;
				CLANG_ENABLE_OBJC_WEAK = YES;
				CLANG_WARN_BLOCK_CAPTURE_AUTORELEASING = YES;
				CLANG_WARN_BOOL_CONVERSION = YES;
				CLANG_WARN_COMMA = YES;
				CLANG_WARN_CONSTANT_CONVERSION = YES;
				CLANG_WARN_DEPRECATED_OBJC_IMPLEMENTATIONS = YES;
				CLANG_WARN_DIRECT_OBJC_ISA_USAGE = YES_ERROR;
				CLANG_WARN_DOCUMENTATION_COMMENTS = YES;
				CLANG_WARN_EMPTY_BODY = YES;
				CLANG_WARN_ENUM_CONVERSION = YES;
				CLANG_WARN_INFINITE_RECURSION = YES;
				CLANG_WARN_INT_CONVERSION = YES;
				CLANG_WARN_NON_LITERAL_NULL_CONVERSION = YES;
				CLANG_WARN_OBJC_IMPLICIT_RETAIN_SELF = YES;
				CLANG_WARN_OBJC_LITERAL_CONVERSION = YES;
				CLANG_WARN_OBJC_ROOT_CLASS = YES_ERROR;
				CLANG_WARN_QUOTED_INCLUDE_IN_FRAMEWORK_HEADER = YES;
				CLANG_WARN_RANGE_LOOP_ANALYSIS = YES;
				CLANG_WARN_STRICT_PROTOTYPES = YES;
				CLANG_WARN_SUSPICIOUS_MOVE = YES;
				CLANG_WARN_UNGUARDED_AVAILABILITY = YES_AGGRESSIVE;
				CLANG_WARN_UNREACHABLE_CODE = YES;
				CLANG_WARN__DUPLICATE_METHOD_MATCH = YES;
				COPY_PHASE_STRIP = NO;
				DEBUG_INFORMATION_FORMAT = "dwarf-with-dsym";
				ENABLE_NS_ASSERTIONS = NO;
				ENABLE_STRICT_OBJC_MSGSEND = YES;
				ENABLE_USER_SCRIPT_SANDBOXING = YES;
				GCC_C_LANGUAGE_STANDARD = gnu17;
				GCC_NO_COMMON_BLOCKS = YES;
				GCC_WARN_64_TO_32_BIT_CONVERSION = YES;
				GCC_WARN_ABOUT_RETURN_TYPE = YES_ERROR;
				GCC_WARN_UNDECLARED_SELECTOR = YES;
				GCC_WARN_UNINITIALIZED_AUTOS = YES_AGGRESSIVE;
				GCC_WARN_UNUSED_FUNCTION = YES;
				GCC_WARN_UNUSED_VARIABLE = YES;
				IPHONEOS_DEPLOYMENT_TARGET = 17.0;
				LOCALIZATION_PREFERS_STRING_CATALOGS = YES;
				MTL_ENABLE_DEBUG_INFO = NO;
				MTL_FAST_MATH = YES;
				SDKROOT = iphoneos;
				SWIFT_COMPILATION_MODE = wholemodule;
				VALIDATE_PRODUCT = YES;
			};
			name = Release;
		};
		0229A7782A40B7D2001934A8 /* Debug */ = {
			isa = XCBuildConfiguration;
			buildSettings = {
				ASSETCATALOG_COMPILER_APPICON_NAME = AppIcon;
				ASSETCATALOG_COMPILER_GLOBAL_ACCENT_COLOR_NAME = AccentColor;
				CODE_SIGN_STYLE = Automatic;
				CURRENT_PROJECT_VERSION = 1;
				DEVELOPMENT_ASSET_PATHS = "\"LearnMapKitiOS17/Preview Content\"";
				DEVELOPMENT_TEAM = K6449ZUDL7;
				ENABLE_PREVIEWS = YES;
				GENERATE_INFOPLIST_FILE = YES;
				INFOPLIST_KEY_UIApplicationSceneManifest_Generation = YES;
				INFOPLIST_KEY_UIApplicationSupportsIndirectInputEvents = YES;
				INFOPLIST_KEY_UILaunchScreen_Generation = YES;
				INFOPLIST_KEY_UISupportedInterfaceOrientations_iPad = "UIInterfaceOrientationPortrait UIInterfaceOrientationPortraitUpsideDown UIInterfaceOrientationLandscapeLeft UIInterfaceOrientationLandscapeRight";
				INFOPLIST_KEY_UISupportedInterfaceOrientations_iPhone = "UIInterfaceOrientationPortrait UIInterfaceOrientationLandscapeLeft UIInterfaceOrientationLandscapeRight";
				LD_RUNPATH_SEARCH_PATHS = (
					"$(inherited)",
					"@executable_path/Frameworks",
				);
				MARKETING_VERSION = 1.0;
				PRODUCT_BUNDLE_IDENTIFIER = com.thackbarth.LearnMapKitiOS17;
				PRODUCT_NAME = "$(TARGET_NAME)";
				SWIFT_EMIT_LOC_STRINGS = YES;
				SWIFT_VERSION = 5.0;
				TARGETED_DEVICE_FAMILY = "1,2";
			};
			name = Debug;
		};
		0229A7792A40B7D2001934A8 /* Release */ = {
			isa = XCBuildConfiguration;
			buildSettings = {
				ASSETCATALOG_COMPILER_APPICON_NAME = AppIcon;
				ASSETCATALOG_COMPILER_GLOBAL_ACCENT_COLOR_NAME = AccentColor;
				CODE_SIGN_STYLE = Automatic;
				CURRENT_PROJECT_VERSION = 1;
				DEVELOPMENT_ASSET_PATHS = "\"LearnMapKitiOS17/Preview Content\"";
				DEVELOPMENT_TEAM = K6449ZUDL7;
				ENABLE_PREVIEWS = YES;
				GENERATE_INFOPLIST_FILE = YES;
				INFOPLIST_KEY_UIApplicationSceneManifest_Generation = YES;
				INFOPLIST_KEY_UIApplicationSupportsIndirectInputEvents = YES;
				INFOPLIST_KEY_UILaunchScreen_Generation = YES;
				INFOPLIST_KEY_UISupportedInterfaceOrientations_iPad = "UIInterfaceOrientationPortrait UIInterfaceOrientationPortraitUpsideDown UIInterfaceOrientationLandscapeLeft UIInterfaceOrientationLandscapeRight";
				INFOPLIST_KEY_UISupportedInterfaceOrientations_iPhone = "UIInterfaceOrientationPortrait UIInterfaceOrientationLandscapeLeft UIInterfaceOrientationLandscapeRight";
				LD_RUNPATH_SEARCH_PATHS = (
					"$(inherited)",
					"@executable_path/Frameworks",
				);
				MARKETING_VERSION = 1.0;
				PRODUCT_BUNDLE_IDENTIFIER = com.thackbarth.LearnMapKitiOS17;
				PRODUCT_NAME = "$(TARGET_NAME)";
				SWIFT_EMIT_LOC_STRINGS = YES;
				SWIFT_VERSION = 5.0;
				TARGETED_DEVICE_FAMILY = "1,2";
			};
			name = Release;
		};
		0229A77B2A40B7D2001934A8 /* Debug */ = {
			isa = XCBuildConfiguration;
			buildSettings = {
				ALWAYS_EMBED_SWIFT_STANDARD_LIBRARIES = YES;
				BUNDLE_LOADER = "$(TEST_HOST)";
				CODE_SIGN_STYLE = Automatic;
				CURRENT_PROJECT_VERSION = 1;
				DEVELOPMENT_TEAM = K6449ZUDL7;
				GENERATE_INFOPLIST_FILE = YES;
				IPHONEOS_DEPLOYMENT_TARGET = 17.0;
				MARKETING_VERSION = 1.0;
				PRODUCT_BUNDLE_IDENTIFIER = com.thackbarth.LearnMapKitiOS17Tests;
				PRODUCT_NAME = "$(TARGET_NAME)";
				SWIFT_EMIT_LOC_STRINGS = NO;
				SWIFT_VERSION = 5.0;
				TARGETED_DEVICE_FAMILY = "1,2";
				TEST_HOST = "$(BUILT_PRODUCTS_DIR)/LearnMapKitiOS17.app/$(BUNDLE_EXECUTABLE_FOLDER_PATH)/LearnMapKitiOS17";
			};
			name = Debug;
		};
		0229A77C2A40B7D2001934A8 /* Release */ = {
			isa = XCBuildConfiguration;
			buildSettings = {
				ALWAYS_EMBED_SWIFT_STANDARD_LIBRARIES = YES;
				BUNDLE_LOADER = "$(TEST_HOST)";
				CODE_SIGN_STYLE = Automatic;
				CURRENT_PROJECT_VERSION = 1;
				DEVELOPMENT_TEAM = K6449ZUDL7;
				GENERATE_INFOPLIST_FILE = YES;
				IPHONEOS_DEPLOYMENT_TARGET = 17.0;
				MARKETING_VERSION = 1.0;
				PRODUCT_BUNDLE_IDENTIFIER = com.thackbarth.LearnMapKitiOS17Tests;
				PRODUCT_NAME = "$(TARGET_NAME)";
				SWIFT_EMIT_LOC_STRINGS = NO;
				SWIFT_VERSION = 5.0;
				TARGETED_DEVICE_FAMILY = "1,2";
				TEST_HOST = "$(BUILT_PRODUCTS_DIR)/LearnMapKitiOS17.app/$(BUNDLE_EXECUTABLE_FOLDER_PATH)/LearnMapKitiOS17";
			};
			name = Release;
		};
		0229A77E2A40B7D2001934A8 /* Debug */ = {
			isa = XCBuildConfiguration;
			buildSettings = {
				ALWAYS_EMBED_SWIFT_STANDARD_LIBRARIES = YES;
				CODE_SIGN_STYLE = Automatic;
				CURRENT_PROJECT_VERSION = 1;
				DEVELOPMENT_TEAM = K6449ZUDL7;
				GENERATE_INFOPLIST_FILE = YES;
				MARKETING_VERSION = 1.0;
				PRODUCT_BUNDLE_IDENTIFIER = com.thackbarth.LearnMapKitiOS17UITests;
				PRODUCT_NAME = "$(TARGET_NAME)";
				SWIFT_EMIT_LOC_STRINGS = NO;
				SWIFT_VERSION = 5.0;
				TARGETED_DEVICE_FAMILY = "1,2";
				TEST_TARGET_NAME = LearnMapKitiOS17;
			};
			name = Debug;
		};
		0229A77F2A40B7D2001934A8 /* Release */ = {
			isa = XCBuildConfiguration;
			buildSettings = {
				ALWAYS_EMBED_SWIFT_STANDARD_LIBRARIES = YES;
				CODE_SIGN_STYLE = Automatic;
				CURRENT_PROJECT_VERSION = 1;
				DEVELOPMENT_TEAM = K6449ZUDL7;
				GENERATE_INFOPLIST_FILE = YES;
				MARKETING_VERSION = 1.0;
				PRODUCT_BUNDLE_IDENTIFIER = com.thackbarth.LearnMapKitiOS17UITests;
				PRODUCT_NAME = "$(TARGET_NAME)";
				SWIFT_EMIT_LOC_STRINGS = NO;
				SWIFT_VERSION = 5.0;
				TARGETED_DEVICE_FAMILY = "1,2";
				TEST_TARGET_NAME = LearnMapKitiOS17;
			};
			name = Release;
		};
/* End XCBuildConfiguration section */

/* Begin XCConfigurationList section */
		0229A74E2A40B7D1001934A8 /* Build configuration list for PBXProject "LearnMapKitiOS17" */ = {
			isa = XCConfigurationList;
			buildConfigurations = (
				0229A7752A40B7D2001934A8 /* Debug */,
				0229A7762A40B7D2001934A8 /* Release */,
			);
			defaultConfigurationIsVisible = 0;
			defaultConfigurationName = Release;
		};
		0229A7772A40B7D2001934A8 /* Build configuration list for PBXNativeTarget "LearnMapKitiOS17" */ = {
			isa = XCConfigurationList;
			buildConfigurations = (
				0229A7782A40B7D2001934A8 /* Debug */,
				0229A7792A40B7D2001934A8 /* Release */,
			);
			defaultConfigurationIsVisible = 0;
			defaultConfigurationName = Release;
		};
		0229A77A2A40B7D2001934A8 /* Build configuration list for PBXNativeTarget "LearnMapKitiOS17Tests" */ = {
			isa = XCConfigurationList;
			buildConfigurations = (
				0229A77B2A40B7D2001934A8 /* Debug */,
				0229A77C2A40B7D2001934A8 /* Release */,
			);
			defaultConfigurationIsVisible = 0;
			defaultConfigurationName = Release;
		};
		0229A77D2A40B7D2001934A8 /* Build configuration list for PBXNativeTarget "LearnMapKitiOS17UITests" */ = {
			isa = XCConfigurationList;
			buildConfigurations = (
				0229A77E2A40B7D2001934A8 /* Debug */,
				0229A77F2A40B7D2001934A8 /* Release */,
			);
			defaultConfigurationIsVisible = 0;
			defaultConfigurationName = Release;
		};
/* End XCConfigurationList section */
	};
	rootObject = 0229A74B2A40B7D1001934A8 /* Project object */;
}
