// !$*UTF8*$!
{
	archiveVersion = 1;
	classes = {
	};
	objectVersion = 56;
	objects = {

/* Begin PBXBuildFile section */
		0229A7572A40B7D1001934A8 /* LearnMapKitiOS17App.swift in Sources */ = {isa = PBXBuildFile; fileRef = 0229A7562A40B7D1001934A8 /* LearnMapKitiOS17App.swift */; };
		0229A7592A40B7D1001934A8 /* ContentView.swift in Sources */ = {isa = PBXBuildFile; fileRef = 0229A7582A40B7D1001934A8 /* ContentView.swift */; };
		0229A75B2A40B7D2001934A8 /* Assets.xcassets in Resources */ = {isa = PBXBuildFile; fileRef = 0229A75A2A40B7D2001934A8 /* Assets.xcassets */; };
		0229A75E2A40B7D2001934A8 /* Preview Assets.xcassets in Resources */ = {isa = PBXBuildFile; fileRef = 0229A75D2A40B7D2001934A8 /* Preview Assets.xcassets */; };
		0229A7682A40B7D2001934A8 /* LearnMapKitiOS17Tests.swift in Sources */ = {isa = PBXBuildFile; fileRef = 0229A7672A40B7D2001934A8 /* LearnMapKitiOS17Tests.swift */; };
		0229A7722A40B7D2001934A8 /* LearnMapKitiOS17UITests.swift in Sources */ = {isa = PBXBuildFile; fileRef = 0229A7712A40B7D2001934A8 /* LearnMapKitiOS17UITests.swift */; };
		0229A7742A40B7D2001934A8 /* LearnMapKitiOS17UITestsLaunchTests.swift in Sources */ = {isa = PBXBuildFile; fileRef = 0229A7732A40B7D2001934A8 /* LearnMapKitiOS17UITestsLaunchTests.swift */; };
		0229A7822A40D905001934A8 /* CLLocationCoordinate2D.swift in Sources */ = {isa = PBXBuildFile; fileRef = 0229A7812A40D905001934A8 /* CLLocationCoordinate2D.swift */; };
		027693C72ACE36FE00778ACA /* MapViewWrapper.swift in Sources */ = {isa = PBXBuildFile; fileRef = 027693C62ACE36FE00778ACA /* MapViewWrapper.swift */; };
		02C10B432B4731B900C6BD23 /* MapViewWrapper-ViewModel.swift in Sources */ = {isa = PBXBuildFile; fileRef = 02C10B422B4731B900C6BD23 /* MapViewWrapper-ViewModel.swift */; };
		02C10B452B4733FA00C6BD23 /* MarkerData.swift in Sources */ = {isa = PBXBuildFile; fileRef = 02C10B442B4733FA00C6BD23 /* MarkerData.swift */; };
		02C10B472B4839EA00C6BD23 /* TouchPoint.swift in Sources */ = {isa = PBXBuildFile; fileRef = 02C10B462B4839EA00C6BD23 /* TouchPoint.swift */; };
/* End PBXBuildFile section */

/* Begin PBXContainerItemProxy section */
		0229A7642A40B7D2001934A8 /* PBXContainerItemProxy */ = {
			isa = PBXContainerItemProxy;
			containerPortal = 0229A74B2A40B7D1001934A8 /* Project object */;
			proxyType = 1;
			remoteGlobalIDString = 0229A7522A40B7D1001934A8;
			remoteInfo = LearnMapKitiOS17;
		};
		0229A76E2A40B7D2001934A8 /* PBXContainerItemProxy */ = {
			isa = PBXContainerItemProxy;
			containerPortal = 0229A74B2A40B7D1001934A8 /* Project object */;
			proxyType = 1;
			remoteGlobalIDString = 0229A7522A40B7D1001934A8;
			remoteInfo = LearnMapKitiOS17;
		};
/* End PBXContainerItemProxy section */

/* Begin PBXFileReference section */
		0229A7532A40B7D1001934A8 /* LearnMapKitiOS17.app */ = {isa = PBXFileReference; explicitFileType = wrapper.application; includeInIndex = 0; path = LearnMapKitiOS17.app; sourceTree = BUILT_PRODUCTS_DIR; };
		0229A7562A40B7D1001934A8 /* LearnMapKitiOS17App.swift */ = {isa = PBXFileReference; lastKnownFileType = sourcecode.swift; path = LearnMapKitiOS17App.swift; sourceTree = "<group>"; };
		0229A7582A40B7D1001934A8 /* ContentView.swift */ = {isa = PBXFileReference; lastKnownFileType = sourcecode.swift; path = ContentView.swift; sourceTree = "<group>"; };
		0229A75A2A40B7D2001934A8 /* Assets.xcassets */ = {isa = PBXFileReference; lastKnownFileType = folder.assetcatalog; path = Assets.xcassets; sourceTree = "<group>"; };
		0229A75D2A40B7D2001934A8 /* Preview Assets.xcassets */ = {isa = PBXFileReference; lastKnownFileType = folder.assetcatalog; path = "Preview Assets.xcassets"; sourceTree = "<group>"; };
		0229A7632A40B7D2001934A8 /* LearnMapKitiOS17Tests.xctest */ = {isa = PBXFileReference; explicitFileType = wrapper.cfbundle; includeInIndex = 0; path = LearnMapKitiOS17Tests.xctest; sourceTree = BUILT_PRODUCTS_DIR; };
		0229A7672A40B7D2001934A8 /* LearnMapKitiOS17Tests.swift */ = {isa = PBXFileReference; lastKnownFileType = sourcecode.swift; path = LearnMapKitiOS17Tests.swift; sourceTree = "<group>"; };
		0229A76D2A40B7D2001934A8 /* LearnMapKitiOS17UITests.xctest */ = {isa = PBXFileReference; explicitFileType = wrapper.cfbundle; includeInIndex = 0; path = LearnMapKitiOS17UITests.xctest; sourceTree = BUILT_PRODUCTS_DIR; };
		0229A7712A40B7D2001934A8 /* LearnMapKitiOS17UITests.swift */ = {isa = PBXFileReference; lastKnownFileType = sourcecode.swift; path = LearnMapKitiOS17UITests.swift; sourceTree = "<group>"; };
		0229A7732A40B7D2001934A8 /* LearnMapKitiOS17UITestsLaunchTests.swift */ = {isa = PBXFileReference; lastKnownFileType = sourcecode.swift; path = LearnMapKitiOS17UITestsLaunchTests.swift; sourceTree = "<group>"; };
		0229A7812A40D905001934A8 /* CLLocationCoordinate2D.swift */ = {isa = PBXFileReference; lastKnownFileType = sourcecode.swift; path = CLLocationCoordinate2D.swift; sourceTree = "<group>"; };
		027693C62ACE36FE00778ACA /* MapViewWrapper.swift */ = {isa = PBXFileReference; lastKnownFileType = sourcecode.swift; path = MapViewWrapper.swift; sourceTree = "<group>"; };
		02C10B422B4731B900C6BD23 /* MapViewWrapper-ViewModel.swift */ = {isa = PBXFileReference; lastKnownFileType = sourcecode.swift; path = "MapViewWrapper-ViewModel.swift"; sourceTree = "<group>"; };
		02C10B442B4733FA00C6BD23 /* MarkerData.swift */ = {isa = PBXFileReference; lastKnownFileType = sourcecode.swift; path = MarkerData.swift; sourceTree = "<group>"; };
		02C10B462B4839EA00C6BD23 /* TouchPoint.swift */ = {isa = PBXFileReference; lastKnownFileType = sourcecode.swift; path = TouchPoint.swift; sourceTree = "<group>"; };
/* End PBXFileReference section */

/* Begin PBXFrameworksBuildPhase section */
		0229A7502A40B7D1001934A8 /* Frameworks */ = {
			isa = PBXFrameworksBuildPhase;
			buildActionMask = 2147483647;
			files = (
			);
			runOnlyForDeploymentPostprocessing = 0;
		};
		0229A7602A40B7D2001934A8 /* Frameworks */ = {
			isa = PBXFrameworksBuildPhase;
			buildActionMask = 2147483647;
			files = (
			);
			runOnlyForDeploymentPostprocessing = 0;
		};
		0229A76A2A40B7D2001934A8 /* Frameworks */ = {
			isa = PBXFrameworksBuildPhase;
			buildActionMask = 2147483647;
			files = (
			);
			runOnlyForDeploymentPostprocessing = 0;
		};
/* End PBXFrameworksBuildPhase section */

/* Begin PBXGroup section */
		0229A74A2A40B7D1001934A8 = {
			isa = PBXGroup;
			children = (
				0229A7552A40B7D1001934A8 /* LearnMapKitiOS17 */,
				0229A7662A40B7D2001934A8 /* LearnMapKitiOS17Tests */,
				0229A7702A40B7D2001934A8 /* LearnMapKitiOS17UITests */,
				0229A7542A40B7D1001934A8 /* Products */,
				D83EF634E9AC8399C3B45EA3 /* xcschemes */,
				D83EF5DD47E6E62143F1F4D1 /* .git */,
			);
			sourceTree = "<group>";
		};
		0229A7542A40B7D1001934A8 /* Products */ = {
			isa = PBXGroup;
			children = (
				0229A7532A40B7D1001934A8 /* LearnMapKitiOS17.app */,
				0229A7632A40B7D2001934A8 /* LearnMapKitiOS17Tests.xctest */,
				0229A76D2A40B7D2001934A8 /* LearnMapKitiOS17UITests.xctest */,
			);
			name = Products;
			sourceTree = "<group>";
		};
		0229A7552A40B7D1001934A8 /* LearnMapKitiOS17 */ = {
			isa = PBXGroup;
			children = (
				0229A7802A40D8E6001934A8 /* Extensions */,
				0229A7562A40B7D1001934A8 /* LearnMapKitiOS17App.swift */,
				0229A7582A40B7D1001934A8 /* ContentView.swift */,
				0229A75A2A40B7D2001934A8 /* Assets.xcassets */,
				0229A75C2A40B7D2001934A8 /* Preview Content */,
				027693C62ACE36FE00778ACA /* MapViewWrapper.swift */,
				D83EF8E6CFDB4CF6D54CAC10 /* AppIcon.appiconset */,
				02C10B422B4731B900C6BD23 /* MapViewWrapper-ViewModel.swift */,
				02C10B442B4733FA00C6BD23 /* MarkerData.swift */,
				02C10B462B4839EA00C6BD23 /* TouchPoint.swift */,
			);
			path = LearnMapKitiOS17;
			sourceTree = "<group>";
		};
		0229A75C2A40B7D2001934A8 /* Preview Content */ = {
			isa = PBXGroup;
			children = (
				0229A75D2A40B7D2001934A8 /* Preview Assets.xcassets */,
			);
			path = "Preview Content";
			sourceTree = "<group>";
		};
		0229A7662A40B7D2001934A8 /* LearnMapKitiOS17Tests */ = {
			isa = PBXGroup;
			children = (
				0229A7672A40B7D2001934A8 /* LearnMapKitiOS17Tests.swift */,
			);
			path = LearnMapKitiOS17Tests;
			sourceTree = "<group>";
		};
		0229A7702A40B7D2001934A8 /* LearnMapKitiOS17UITests */ = {
			isa = PBXGroup;
			children = (
				0229A7712A40B7D2001934A8 /* LearnMapKitiOS17UITests.swift */,
				0229A7732A40B7D2001934A8 /* LearnMapKitiOS17UITestsLaunchTests.swift */,
			);
			path = LearnMapKitiOS17UITests;
			sourceTree = "<group>";
		};
		0229A7802A40D8E6001934A8 /* Extensions */ = {
			isa = PBXGroup;
			children = (
				0229A7812A40D905001934A8 /* CLLocationCoordinate2D.swift */,
			);
			path = Extensions;
			sourceTree = "<group>";
		};
		D83EF025297D081975D5F455 /* 98 */ = {
			isa = PBXGroup;
			children = (
			);
			path = 98;
			sourceTree = "<group>";
		};
		D83EF16D4FD8B5D15DA7F150 /* 9a */ = {
			isa = PBXGroup;
			children = (
			);
			path = 9a;
			sourceTree = "<group>";
		};
		D83EF17F0F756A86B1295AD2 /* 45 */ = {
			isa = PBXGroup;
			children = (
			);
			path = 45;
			sourceTree = "<group>";
		};
		D83EF1F874100A95CC0E23E5 /* 25 */ = {
			isa = PBXGroup;
			children = (
			);
			path = 25;
			sourceTree = "<group>";
		};
		D83EF21EF2BD565B5A27785D /* 4e */ = {
			isa = PBXGroup;
			children = (
			);
			path = 4e;
			sourceTree = "<group>";
		};
		D83EF2D99C04E265578F7481 /* 1b */ = {
			isa = PBXGroup;
			children = (
			);
			path = 1b;
			sourceTree = "<group>";
		};
		D83EF30D986F3A269CBE1B05 /* origin */ = {
			isa = PBXGroup;
			children = (
			);
			path = origin;
			sourceTree = "<group>";
		};
		D83EF32D98C599F511F77D11 /* 44 */ = {
			isa = PBXGroup;
			children = (
			);
			path = 44;
			sourceTree = "<group>";
		};
		D83EF36388F29AE5D90461C3 /* 29 */ = {
			isa = PBXGroup;
			children = (
			);
			path = 29;
			sourceTree = "<group>";
		};
		D83EF3AB2BE78BDBDE25BC85 /* f0 */ = {
			isa = PBXGroup;
			children = (
			);
			name = f0;
			path = objects/f0;
			sourceTree = "<group>";
		};
		D83EF42132AA26C8B8488E7B /* c5 */ = {
			isa = PBXGroup;
			children = (
			);
			path = c5;
			sourceTree = "<group>";
		};
		D83EF4D6E24EB209B65C3AFD /* 3f */ = {
			isa = PBXGroup;
			children = (
			);
			path = 3f;
			sourceTree = "<group>";
		};
		D83EF50463C4906C76EA787C /* 32 */ = {
			isa = PBXGroup;
			children = (
			);
			path = 32;
			sourceTree = "<group>";
		};
		D83EF5240B6892E32F7A7B70 /* 16 */ = {
			isa = PBXGroup;
			children = (
			);
			path = 16;
			sourceTree = "<group>";
		};
		D83EF538B32B569256AEC10B /* 10 */ = {
			isa = PBXGroup;
			children = (
			);
			path = 10;
			sourceTree = "<group>";
		};
		D83EF5632DFD448D5058199B /* 8b */ = {
			isa = PBXGroup;
			children = (
			);
			path = 8b;
			sourceTree = "<group>";
		};
		D83EF58ABE5E1300BDF5BD7F /* c3 */ = {
			isa = PBXGroup;
			children = (
			);
			path = c3;
			sourceTree = "<group>";
		};
		D83EF5DD47E6E62143F1F4D1 /* .git */ = {
			isa = PBXGroup;
			children = (
				D83EF3AB2BE78BDBDE25BC85 /* f0 */,
				D83EF5EF653A461DB2ACBF18 /* objects */,
				D83EFCFC6D1AD8CF02946A4E /* heads */,
				D83EFA89BCDDF2F54EE0EFC0 /* refs */,
				D83EF807986011F71C73038C /* logs */,
			);
			path = .git;
			sourceTree = "<group>";
		};
		D83EF5EF653A461DB2ACBF18 /* objects */ = {
			isa = PBXGroup;
			children = (
				D83EFFEDA9079A72A4BBFB91 /* f6 */,
				D83EF683A6EDB80DD3F94532 /* e2 */,
				D83EF2D99C04E265578F7481 /* 1b */,
				D83EF60456335961918DE33F /* aa */,
				D83EFAFE6F10A27EBB326A7B /* 85 */,
				D83EFCA538F99210114E0097 /* d5 */,
				D83EF21EF2BD565B5A27785D /* 4e */,
				D83EF70B2C09CF3702FC6A08 /* 0d */,
				D83EF5632DFD448D5058199B /* 8b */,
				D83EF50463C4906C76EA787C /* 32 */,
				D83EF16D4FD8B5D15DA7F150 /* 9a */,
				D83EF36388F29AE5D90461C3 /* 29 */,
				D83EF85BD4AA4454547EC757 /* a5 */,
				D83EF4D6E24EB209B65C3AFD /* 3f */,
				D83EF538B32B569256AEC10B /* 10 */,
				D83EF67CC0EA1FF6F78BA0DB /* 8e */,
				D83EF1F874100A95CC0E23E5 /* 25 */,
				D83EFE78ECDAC4D764F70F6E /* 89 */,
				D83EFD6D0946D948F7B0E012 /* 3b */,
				D83EF32D98C599F511F77D11 /* 44 */,
				D83EFA6767B9E330C38E6E71 /* 23 */,
				D83EF025297D081975D5F455 /* 98 */,
				D83EFF06E288A594E54EFABA /* eb */,
				D83EFDC064EA24D75934B3BF /* 0f */,
				D83EFF104FFCC7B03DCF1480 /* 08 */,
				D83EF68A7B013D06EDA9EB8F /* af */,
				D83EFB6E284BB4DDAA2A58A8 /* c4 */,
				D83EFC10FAEC6A7A47CD519C /* d6 */,
				D83EF58ABE5E1300BDF5BD7F /* c3 */,
				D83EFB5158F2FC217D177CE4 /* 6e */,
				D83EF91724F5F52CD4CA0397 /* 3e */,
				D83EF17F0F756A86B1295AD2 /* 45 */,
				D83EF42132AA26C8B8488E7B /* c5 */,
				D83EF5240B6892E32F7A7B70 /* 16 */,
				D83EF696D73332005F86E264 /* ed */,
				D83EF84415045800C3B37549 /* 5e */,
			);
			path = objects;
			sourceTree = "<group>";
		};
		D83EF60456335961918DE33F /* aa */ = {
			isa = PBXGroup;
			children = (
			);
			path = aa;
			sourceTree = "<group>";
		};
		D83EF634E9AC8399C3B45EA3 /* xcschemes */ = {
			isa = PBXGroup;
			children = (
			);
			name = xcschemes;
			path = LearnMapKitiOS17.xcodeproj/project.xcworkspace/xcuserdata/tomhackbarth.xcuserdatad/xcschemes;
			sourceTree = "<group>";
		};
		D83EF67CC0EA1FF6F78BA0DB /* 8e */ = {
			isa = PBXGroup;
			children = (
			);
			path = 8e;
			sourceTree = "<group>";
		};
		D83EF683A6EDB80DD3F94532 /* e2 */ = {
			isa = PBXGroup;
			children = (
			);
			path = e2;
			sourceTree = "<group>";
		};
		D83EF68A7B013D06EDA9EB8F /* af */ = {
			isa = PBXGroup;
			children = (
			);
			path = af;
			sourceTree = "<group>";
		};
		D83EF696D73332005F86E264 /* ed */ = {
			isa = PBXGroup;
			children = (
			);
			path = ed;
			sourceTree = "<group>";
		};
		D83EF70B2C09CF3702FC6A08 /* 0d */ = {
			isa = PBXGroup;
			children = (
			);
			path = 0d;
			sourceTree = "<group>";
		};
		D83EF807986011F71C73038C /* logs */ = {
			isa = PBXGroup;
			children = (
			);
			path = logs;
			sourceTree = "<group>";
		};
		D83EF84415045800C3B37549 /* 5e */ = {
			isa = PBXGroup;
			children = (
			);
			path = 5e;
			sourceTree = "<group>";
		};
		D83EF85BD4AA4454547EC757 /* a5 */ = {
			isa = PBXGroup;
			children = (
			);
			path = a5;
			sourceTree = "<group>";
		};
		D83EF8E6CFDB4CF6D54CAC10 /* AppIcon.appiconset */ = {
			isa = PBXGroup;
			children = (
			);
			name = AppIcon.appiconset;
			path = Assets.xcassets/AppIcon.appiconset;
			sourceTree = "<group>";
		};
		D83EF91724F5F52CD4CA0397 /* 3e */ = {
			isa = PBXGroup;
			children = (
			);
			path = 3e;
			sourceTree = "<group>";
		};
		D83EFA6767B9E330C38E6E71 /* 23 */ = {
			isa = PBXGroup;
			children = (
			);
			path = 23;
			sourceTree = "<group>";
		};
		D83EFA89BCDDF2F54EE0EFC0 /* refs */ = {
			isa = PBXGroup;
			children = (
				D83EFAA68F1B4C5A2F0C2867 /* remotes */,
			);
			name = refs;
			path = logs/refs;
			sourceTree = "<group>";
		};
		D83EFAA68F1B4C5A2F0C2867 /* remotes */ = {
			isa = PBXGroup;
			children = (
				D83EF30D986F3A269CBE1B05 /* origin */,
			);
			path = remotes;
			sourceTree = "<group>";
		};
		D83EFAFE6F10A27EBB326A7B /* 85 */ = {
			isa = PBXGroup;
			children = (
			);
			path = 85;
			sourceTree = "<group>";
		};
		D83EFB5158F2FC217D177CE4 /* 6e */ = {
			isa = PBXGroup;
			children = (
			);
			path = 6e;
			sourceTree = "<group>";
		};
		D83EFB6E284BB4DDAA2A58A8 /* c4 */ = {
			isa = PBXGroup;
			children = (
			);
			path = c4;
			sourceTree = "<group>";
		};
		D83EFC10FAEC6A7A47CD519C /* d6 */ = {
			isa = PBXGroup;
			children = (
			);
			path = d6;
			sourceTree = "<group>";
		};
		D83EFCA538F99210114E0097 /* d5 */ = {
			isa = PBXGroup;
			children = (
			);
			path = d5;
			sourceTree = "<group>";
		};
		D83EFCFC6D1AD8CF02946A4E /* heads */ = {
			isa = PBXGroup;
			children = (
			);
			name = heads;
			path = logs/refs/heads;
			sourceTree = "<group>";
		};
		D83EFD6D0946D948F7B0E012 /* 3b */ = {
			isa = PBXGroup;
			children = (
			);
			path = 3b;
			sourceTree = "<group>";
		};
		D83EFDC064EA24D75934B3BF /* 0f */ = {
			isa = PBXGroup;
			children = (
			);
			path = 0f;
			sourceTree = "<group>";
		};
		D83EFE78ECDAC4D764F70F6E /* 89 */ = {
			isa = PBXGroup;
			children = (
			);
			path = 89;
			sourceTree = "<group>";
		};
		D83EFF06E288A594E54EFABA /* eb */ = {
			isa = PBXGroup;
			children = (
			);
			path = eb;
			sourceTree = "<group>";
		};
		D83EFF104FFCC7B03DCF1480 /* 08 */ = {
			isa = PBXGroup;
			children = (
			);
			path = 08;
			sourceTree = "<group>";
		};
		D83EFFEDA9079A72A4BBFB91 /* f6 */ = {
			isa = PBXGroup;
			children = (
			);
			path = f6;
			sourceTree = "<group>";
		};
/* End PBXGroup section */

/* Begin PBXNativeTarget section */
		0229A7522A40B7D1001934A8 /* LearnMapKitiOS17 */ = {
			isa = PBXNativeTarget;
			buildConfigurationList = 0229A7772A40B7D2001934A8 /* Build configuration list for PBXNativeTarget "LearnMapKitiOS17" */;
			buildPhases = (
				0229A74F2A40B7D1001934A8 /* Sources */,
				0229A7502A40B7D1001934A8 /* Frameworks */,
				0229A7512A40B7D1001934A8 /* Resources */,
			);
			buildRules = (
			);
			dependencies = (
			);
			name = LearnMapKitiOS17;
			productName = LearnMapKitiOS17;
			productReference = 0229A7532A40B7D1001934A8 /* LearnMapKitiOS17.app */;
			productType = "com.apple.product-type.application";
		};
		0229A7622A40B7D2001934A8 /* LearnMapKitiOS17Tests */ = {
			isa = PBXNativeTarget;
			buildConfigurationList = 0229A77A2A40B7D2001934A8 /* Build configuration list for PBXNativeTarget "LearnMapKitiOS17Tests" */;
			buildPhases = (
				0229A75F2A40B7D2001934A8 /* Sources */,
				0229A7602A40B7D2001934A8 /* Frameworks */,
				0229A7612A40B7D2001934A8 /* Resources */,
			);
			buildRules = (
			);
			dependencies = (
				0229A7652A40B7D2001934A8 /* PBXTargetDependency */,
			);
			name = LearnMapKitiOS17Tests;
			productName = LearnMapKitiOS17Tests;
			productReference = 0229A7632A40B7D2001934A8 /* LearnMapKitiOS17Tests.xctest */;
			productType = "com.apple.product-type.bundle.unit-test";
		};
		0229A76C2A40B7D2001934A8 /* LearnMapKitiOS17UITests */ = {
			isa = PBXNativeTarget;
			buildConfigurationList = 0229A77D2A40B7D2001934A8 /* Build configuration list for PBXNativeTarget "LearnMapKitiOS17UITests" */;
			buildPhases = (
				0229A7692A40B7D2001934A8 /* Sources */,
				0229A76A2A40B7D2001934A8 /* Frameworks */,
				0229A76B2A40B7D2001934A8 /* Resources */,
			);
			buildRules = (
			);
			dependencies = (
				0229A76F2A40B7D2001934A8 /* PBXTargetDependency */,
			);
			name = LearnMapKitiOS17UITests;
			productName = LearnMapKitiOS17UITests;
			productReference = 0229A76D2A40B7D2001934A8 /* LearnMapKitiOS17UITests.xctest */;
			productType = "com.apple.product-type.bundle.ui-testing";
		};
/* End PBXNativeTarget section */

/* Begin PBXProject section */
		0229A74B2A40B7D1001934A8 /* Project object */ = {
			isa = PBXProject;
			attributes = {
				BuildIndependentTargetsInParallel = 1;
				LastSwiftUpdateCheck = 1500;
				LastUpgradeCheck = 1500;
				TargetAttributes = {
					0229A7522A40B7D1001934A8 = {
						CreatedOnToolsVersion = 15.0;
					};
					0229A7622A40B7D2001934A8 = {
						CreatedOnToolsVersion = 15.0;
						TestTargetID = 0229A7522A40B7D1001934A8;
					};
					0229A76C2A40B7D2001934A8 = {
						CreatedOnToolsVersion = 15.0;
						TestTargetID = 0229A7522A40B7D1001934A8;
					};
				};
			};
			buildConfigurationList = 0229A74E2A40B7D1001934A8 /* Build configuration list for PBXProject "LearnMapKitiOS17" */;
			compatibilityVersion = "Xcode 14.0";
			developmentRegion = en;
			hasScannedForEncodings = 0;
			knownRegions = (
				en,
				Base,
			);
			mainGroup = 0229A74A2A40B7D1001934A8;
			productRefGroup = 0229A7542A40B7D1001934A8 /* Products */;
			projectDirPath = "";
			projectRoot = "";
			targets = (
				0229A7522A40B7D1001934A8 /* LearnMapKitiOS17 */,
				0229A7622A40B7D2001934A8 /* LearnMapKitiOS17Tests */,
				0229A76C2A40B7D2001934A8 /* LearnMapKitiOS17UITests */,
			);
		};
/* End PBXProject section */

/* Begin PBXResourcesBuildPhase section */
		0229A7512A40B7D1001934A8 /* Resources */ = {
			isa = PBXResourcesBuildPhase;
			buildActionMask = 2147483647;
			files = (
				0229A75E2A40B7D2001934A8 /* Preview Assets.xcassets in Resources */,
				0229A75B2A40B7D2001934A8 /* Assets.xcassets in Resources */,
			);
			runOnlyForDeploymentPostprocessing = 0;
		};
		0229A7612A40B7D2001934A8 /* Resources */ = {
			isa = PBXResourcesBuildPhase;
			buildActionMask = 2147483647;
			files = (
			);
			runOnlyForDeploymentPostprocessing = 0;
		};
		0229A76B2A40B7D2001934A8 /* Resources */ = {
			isa = PBXResourcesBuildPhase;
			buildActionMask = 2147483647;
			files = (
			);
			runOnlyForDeploymentPostprocessing = 0;
		};
/* End PBXResourcesBuildPhase section */

/* Begin PBXSourcesBuildPhase section */
		0229A74F2A40B7D1001934A8 /* Sources */ = {
			isa = PBXSourcesBuildPhase;
			buildActionMask = 2147483647;
			files = (
				0229A7592A40B7D1001934A8 /* ContentView.swift in Sources */,
				02C10B452B4733FA00C6BD23 /* MarkerData.swift in Sources */,
				02C10B472B4839EA00C6BD23 /* TouchPoint.swift in Sources */,
				02C10B432B4731B900C6BD23 /* MapViewWrapper-ViewModel.swift in Sources */,
				027693C72ACE36FE00778ACA /* MapViewWrapper.swift in Sources */,
				0229A7572A40B7D1001934A8 /* LearnMapKitiOS17App.swift in Sources */,
				0229A7822A40D905001934A8 /* CLLocationCoordinate2D.swift in Sources */,
			);
			runOnlyForDeploymentPostprocessing = 0;
		};
		0229A75F2A40B7D2001934A8 /* Sources */ = {
			isa = PBXSourcesBuildPhase;
			buildActionMask = 2147483647;
			files = (
				0229A7682A40B7D2001934A8 /* LearnMapKitiOS17Tests.swift in Sources */,
			);
			runOnlyForDeploymentPostprocessing = 0;
		};
		0229A7692A40B7D2001934A8 /* Sources */ = {
			isa = PBXSourcesBuildPhase;
			buildActionMask = 2147483647;
			files = (
				0229A7722A40B7D2001934A8 /* LearnMapKitiOS17UITests.swift in Sources */,
				0229A7742A40B7D2001934A8 /* LearnMapKitiOS17UITestsLaunchTests.swift in Sources */,
			);
			runOnlyForDeploymentPostprocessing = 0;
		};
/* End PBXSourcesBuildPhase section */

/* Begin PBXTargetDependency section */
		0229A7652A40B7D2001934A8 /* PBXTargetDependency */ = {
			isa = PBXTargetDependency;
			target = 0229A7522A40B7D1001934A8 /* LearnMapKitiOS17 */;
			targetProxy = 0229A7642A40B7D2001934A8 /* PBXContainerItemProxy */;
		};
		0229A76F2A40B7D2001934A8 /* PBXTargetDependency */ = {
			isa = PBXTargetDependency;
			target = 0229A7522A40B7D1001934A8 /* LearnMapKitiOS17 */;
			targetProxy = 0229A76E2A40B7D2001934A8 /* PBXContainerItemProxy */;
		};
/* End PBXTargetDependency section */

/* Begin XCBuildConfiguration section */
		0229A7752A40B7D2001934A8 /* Debug */ = {
			isa = XCBuildConfiguration;
			buildSettings = {
				ALWAYS_SEARCH_USER_PATHS = NO;
				ASSETCATALOG_COMPILER_GENERATE_SWIFT_ASSET_SYMBOL_EXTENSIONS = YES;
				CLANG_ANALYZER_NONNULL = YES;
				CLANG_ANALYZER_NUMBER_OBJECT_CONVERSION = YES_AGGRESSIVE;
				CLANG_CXX_LANGUAGE_STANDARD = "gnu++20";
				CLANG_ENABLE_MODULES = YES;
				CLANG_ENABLE_OBJC_ARC = YES;
				CLANG_ENABLE_OBJC_WEAK = YES;
				CLANG_WARN_BLOCK_CAPTURE_AUTORELEASING = YES;
				CLANG_WARN_BOOL_CONVERSION = YES;
				CLANG_WARN_COMMA = YES;
				CLANG_WARN_CONSTANT_CONVERSION = YES;
				CLANG_WARN_DEPRECATED_OBJC_IMPLEMENTATIONS = YES;
				CLANG_WARN_DIRECT_OBJC_ISA_USAGE = YES_ERROR;
				CLANG_WARN_DOCUMENTATION_COMMENTS = YES;
				CLANG_WARN_EMPTY_BODY = YES;
				CLANG_WARN_ENUM_CONVERSION = YES;
				CLANG_WARN_INFINITE_RECURSION = YES;
				CLANG_WARN_INT_CONVERSION = YES;
				CLANG_WARN_NON_LITERAL_NULL_CONVERSION = YES;
				CLANG_WARN_OBJC_IMPLICIT_RETAIN_SELF = YES;
				CLANG_WARN_OBJC_LITERAL_CONVERSION = YES;
				CLANG_WARN_OBJC_ROOT_CLASS = YES_ERROR;
				CLANG_WARN_QUOTED_INCLUDE_IN_FRAMEWORK_HEADER = YES;
				CLANG_WARN_RANGE_LOOP_ANALYSIS = YES;
				CLANG_WARN_STRICT_PROTOTYPES = YES;
				CLANG_WARN_SUSPICIOUS_MOVE = YES;
				CLANG_WARN_UNGUARDED_AVAILABILITY = YES_AGGRESSIVE;
				CLANG_WARN_UNREACHABLE_CODE = YES;
				CLANG_WARN__DUPLICATE_METHOD_MATCH = YES;
				COPY_PHASE_STRIP = NO;
				DEBUG_INFORMATION_FORMAT = dwarf;
				ENABLE_STRICT_OBJC_MSGSEND = YES;
				ENABLE_TESTABILITY = YES;
				ENABLE_USER_SCRIPT_SANDBOXING = YES;
				GCC_C_LANGUAGE_STANDARD = gnu17;
				GCC_DYNAMIC_NO_PIC = NO;
				GCC_NO_COMMON_BLOCKS = YES;
				GCC_OPTIMIZATION_LEVEL = 0;
				GCC_PREPROCESSOR_DEFINITIONS = (
					"DEBUG=1",
					"$(inherited)",
				);
				GCC_WARN_64_TO_32_BIT_CONVERSION = YES;
				GCC_WARN_ABOUT_RETURN_TYPE = YES_ERROR;
				GCC_WARN_UNDECLARED_SELECTOR = YES;
				GCC_WARN_UNINITIALIZED_AUTOS = YES_AGGRESSIVE;
				GCC_WARN_UNUSED_FUNCTION = YES;
				GCC_WARN_UNUSED_VARIABLE = YES;
				IPHONEOS_DEPLOYMENT_TARGET = 17.0;
				LOCALIZATION_PREFERS_STRING_CATALOGS = YES;
				MTL_ENABLE_DEBUG_INFO = INCLUDE_SOURCE;
				MTL_FAST_MATH = YES;
				ONLY_ACTIVE_ARCH = YES;
				SDKROOT = iphoneos;
				SWIFT_ACTIVE_COMPILATION_CONDITIONS = "DEBUG $(inherited)";
				SWIFT_OPTIMIZATION_LEVEL = "-Onone";
			};
			name = Debug;
		};
		0229A7762A40B7D2001934A8 /* Release */ = {
			isa = XCBuildConfiguration;
			buildSettings = {
				ALWAYS_SEARCH_USER_PATHS = NO;
				ASSETCATALOG_COMPILER_GENERATE_SWIFT_ASSET_SYMBOL_EXTENSIONS = YES;
				CLANG_ANALYZER_NONNULL = YES;
				CLANG_ANALYZER_NUMBER_OBJECT_CONVERSION = YES_AGGRESSIVE;
				CLANG_CXX_LANGUAGE_STANDARD = "gnu++20";
				CLANG_ENABLE_MODULES = YES;
				CLANG_ENABLE_OBJC_ARC = YES;
				CLANG_ENABLE_OBJC_WEAK = YES;
				CLANG_WARN_BLOCK_CAPTURE_AUTORELEASING = YES;
				CLANG_WARN_BOOL_CONVERSION = YES;
				CLANG_WARN_COMMA = YES;
				CLANG_WARN_CONSTANT_CONVERSION = YES;
				CLANG_WARN_DEPRECATED_OBJC_IMPLEMENTATIONS = YES;
				CLANG_WARN_DIRECT_OBJC_ISA_USAGE = YES_ERROR;
				CLANG_WARN_DOCUMENTATION_COMMENTS = YES;
				CLANG_WARN_EMPTY_BODY = YES;
				CLANG_WARN_ENUM_CONVERSION = YES;
				CLANG_WARN_INFINITE_RECURSION = YES;
				CLANG_WARN_INT_CONVERSION = YES;
				CLANG_WARN_NON_LITERAL_NULL_CONVERSION = YES;
				CLANG_WARN_OBJC_IMPLICIT_RETAIN_SELF = YES;
				CLANG_WARN_OBJC_LITERAL_CONVERSION = YES;
				CLANG_WARN_OBJC_ROOT_CLASS = YES_ERROR;
				CLANG_WARN_QUOTED_INCLUDE_IN_FRAMEWORK_HEADER = YES;
				CLANG_WARN_RANGE_LOOP_ANALYSIS = YES;
				CLANG_WARN_STRICT_PROTOTYPES = YES;
				CLANG_WARN_SUSPICIOUS_MOVE = YES;
				CLANG_WARN_UNGUARDED_AVAILABILITY = YES_AGGRESSIVE;
				CLANG_WARN_UNREACHABLE_CODE = YES;
				CLANG_WARN__DUPLICATE_METHOD_MATCH = YES;
				COPY_PHASE_STRIP = NO;
				DEBUG_INFORMATION_FORMAT = "dwarf-with-dsym";
				ENABLE_NS_ASSERTIONS = NO;
				ENABLE_STRICT_OBJC_MSGSEND = YES;
				ENABLE_USER_SCRIPT_SANDBOXING = YES;
				GCC_C_LANGUAGE_STANDARD = gnu17;
				GCC_NO_COMMON_BLOCKS = YES;
				GCC_WARN_64_TO_32_BIT_CONVERSION = YES;
				GCC_WARN_ABOUT_RETURN_TYPE = YES_ERROR;
				GCC_WARN_UNDECLARED_SELECTOR = YES;
				GCC_WARN_UNINITIALIZED_AUTOS = YES_AGGRESSIVE;
				GCC_WARN_UNUSED_FUNCTION = YES;
				GCC_WARN_UNUSED_VARIABLE = YES;
				IPHONEOS_DEPLOYMENT_TARGET = 17.0;
				LOCALIZATION_PREFERS_STRING_CATALOGS = YES;
				MTL_ENABLE_DEBUG_INFO = NO;
				MTL_FAST_MATH = YES;
				SDKROOT = iphoneos;
				SWIFT_COMPILATION_MODE = wholemodule;
				VALIDATE_PRODUCT = YES;
			};
			name = Release;
		};
		0229A7782A40B7D2001934A8 /* Debug */ = {
			isa = XCBuildConfiguration;
			buildSettings = {
				ASSETCATALOG_COMPILER_APPICON_NAME = AppIcon;
				ASSETCATALOG_COMPILER_GLOBAL_ACCENT_COLOR_NAME = AccentColor;
				CODE_SIGN_STYLE = Automatic;
				CURRENT_PROJECT_VERSION = 1;
				DEVELOPMENT_ASSET_PATHS = "\"LearnMapKitiOS17/Preview Content\"";
				DEVELOPMENT_TEAM = K6449ZUDL7;
				ENABLE_PREVIEWS = YES;
				GENERATE_INFOPLIST_FILE = YES;
				INFOPLIST_KEY_UIApplicationSceneManifest_Generation = YES;
				INFOPLIST_KEY_UIApplicationSupportsIndirectInputEvents = YES;
				INFOPLIST_KEY_UILaunchScreen_Generation = YES;
				INFOPLIST_KEY_UISupportedInterfaceOrientations_iPad = "UIInterfaceOrientationPortrait UIInterfaceOrientationPortraitUpsideDown UIInterfaceOrientationLandscapeLeft UIInterfaceOrientationLandscapeRight";
				INFOPLIST_KEY_UISupportedInterfaceOrientations_iPhone = "UIInterfaceOrientationPortrait UIInterfaceOrientationLandscapeLeft UIInterfaceOrientationLandscapeRight";
				LD_RUNPATH_SEARCH_PATHS = (
					"$(inherited)",
					"@executable_path/Frameworks",
				);
				MARKETING_VERSION = 1.0;
				PRODUCT_BUNDLE_IDENTIFIER = com.thackbarth.LearnMapKitiOS17;
				PRODUCT_NAME = "$(TARGET_NAME)";
				SWIFT_EMIT_LOC_STRINGS = YES;
				SWIFT_VERSION = 5.0;
				TARGETED_DEVICE_FAMILY = "1,2";
			};
			name = Debug;
		};
		0229A7792A40B7D2001934A8 /* Release */ = {
			isa = XCBuildConfiguration;
			buildSettings = {
				ASSETCATALOG_COMPILER_APPICON_NAME = AppIcon;
				ASSETCATALOG_COMPILER_GLOBAL_ACCENT_COLOR_NAME = AccentColor;
				CODE_SIGN_STYLE = Automatic;
				CURRENT_PROJECT_VERSION = 1;
				DEVELOPMENT_ASSET_PATHS = "\"LearnMapKitiOS17/Preview Content\"";
				DEVELOPMENT_TEAM = K6449ZUDL7;
				ENABLE_PREVIEWS = YES;
				GENERATE_INFOPLIST_FILE = YES;
				INFOPLIST_KEY_UIApplicationSceneManifest_Generation = YES;
				INFOPLIST_KEY_UIApplicationSupportsIndirectInputEvents = YES;
				INFOPLIST_KEY_UILaunchScreen_Generation = YES;
				INFOPLIST_KEY_UISupportedInterfaceOrientations_iPad = "UIInterfaceOrientationPortrait UIInterfaceOrientationPortraitUpsideDown UIInterfaceOrientationLandscapeLeft UIInterfaceOrientationLandscapeRight";
				INFOPLIST_KEY_UISupportedInterfaceOrientations_iPhone = "UIInterfaceOrientationPortrait UIInterfaceOrientationLandscapeLeft UIInterfaceOrientationLandscapeRight";
				LD_RUNPATH_SEARCH_PATHS = (
					"$(inherited)",
					"@executable_path/Frameworks",
				);
				MARKETING_VERSION = 1.0;
				PRODUCT_BUNDLE_IDENTIFIER = com.thackbarth.LearnMapKitiOS17;
				PRODUCT_NAME = "$(TARGET_NAME)";
				SWIFT_EMIT_LOC_STRINGS = YES;
				SWIFT_VERSION = 5.0;
				TARGETED_DEVICE_FAMILY = "1,2";
			};
			name = Release;
		};
		0229A77B2A40B7D2001934A8 /* Debug */ = {
			isa = XCBuildConfiguration;
			buildSettings = {
				ALWAYS_EMBED_SWIFT_STANDARD_LIBRARIES = YES;
				BUNDLE_LOADER = "$(TEST_HOST)";
				CODE_SIGN_STYLE = Automatic;
				CURRENT_PROJECT_VERSION = 1;
				DEVELOPMENT_TEAM = K6449ZUDL7;
				GENERATE_INFOPLIST_FILE = YES;
				IPHONEOS_DEPLOYMENT_TARGET = 17.0;
				MARKETING_VERSION = 1.0;
				PRODUCT_BUNDLE_IDENTIFIER = com.thackbarth.LearnMapKitiOS17Tests;
				PRODUCT_NAME = "$(TARGET_NAME)";
				SWIFT_EMIT_LOC_STRINGS = NO;
				SWIFT_VERSION = 5.0;
				TARGETED_DEVICE_FAMILY = "1,2";
				TEST_HOST = "$(BUILT_PRODUCTS_DIR)/LearnMapKitiOS17.app/$(BUNDLE_EXECUTABLE_FOLDER_PATH)/LearnMapKitiOS17";
			};
			name = Debug;
		};
		0229A77C2A40B7D2001934A8 /* Release */ = {
			isa = XCBuildConfiguration;
			buildSettings = {
				ALWAYS_EMBED_SWIFT_STANDARD_LIBRARIES = YES;
				BUNDLE_LOADER = "$(TEST_HOST)";
				CODE_SIGN_STYLE = Automatic;
				CURRENT_PROJECT_VERSION = 1;
				DEVELOPMENT_TEAM = K6449ZUDL7;
				GENERATE_INFOPLIST_FILE = YES;
				IPHONEOS_DEPLOYMENT_TARGET = 17.0;
				MARKETING_VERSION = 1.0;
				PRODUCT_BUNDLE_IDENTIFIER = com.thackbarth.LearnMapKitiOS17Tests;
				PRODUCT_NAME = "$(TARGET_NAME)";
				SWIFT_EMIT_LOC_STRINGS = NO;
				SWIFT_VERSION = 5.0;
				TARGETED_DEVICE_FAMILY = "1,2";
				TEST_HOST = "$(BUILT_PRODUCTS_DIR)/LearnMapKitiOS17.app/$(BUNDLE_EXECUTABLE_FOLDER_PATH)/LearnMapKitiOS17";
			};
			name = Release;
		};
		0229A77E2A40B7D2001934A8 /* Debug */ = {
			isa = XCBuildConfiguration;
			buildSettings = {
				ALWAYS_EMBED_SWIFT_STANDARD_LIBRARIES = YES;
				CODE_SIGN_STYLE = Automatic;
				CURRENT_PROJECT_VERSION = 1;
				DEVELOPMENT_TEAM = K6449ZUDL7;
				GENERATE_INFOPLIST_FILE = YES;
				MARKETING_VERSION = 1.0;
				PRODUCT_BUNDLE_IDENTIFIER = com.thackbarth.LearnMapKitiOS17UITests;
				PRODUCT_NAME = "$(TARGET_NAME)";
				SWIFT_EMIT_LOC_STRINGS = NO;
				SWIFT_VERSION = 5.0;
				TARGETED_DEVICE_FAMILY = "1,2";
				TEST_TARGET_NAME = LearnMapKitiOS17;
			};
			name = Debug;
		};
		0229A77F2A40B7D2001934A8 /* Release */ = {
			isa = XCBuildConfiguration;
			buildSettings = {
				ALWAYS_EMBED_SWIFT_STANDARD_LIBRARIES = YES;
				CODE_SIGN_STYLE = Automatic;
				CURRENT_PROJECT_VERSION = 1;
				DEVELOPMENT_TEAM = K6449ZUDL7;
				GENERATE_INFOPLIST_FILE = YES;
				MARKETING_VERSION = 1.0;
				PRODUCT_BUNDLE_IDENTIFIER = com.thackbarth.LearnMapKitiOS17UITests;
				PRODUCT_NAME = "$(TARGET_NAME)";
				SWIFT_EMIT_LOC_STRINGS = NO;
				SWIFT_VERSION = 5.0;
				TARGETED_DEVICE_FAMILY = "1,2";
				TEST_TARGET_NAME = LearnMapKitiOS17;
			};
			name = Release;
		};
/* End XCBuildConfiguration section */

/* Begin XCConfigurationList section */
		0229A74E2A40B7D1001934A8 /* Build configuration list for PBXProject "LearnMapKitiOS17" */ = {
			isa = XCConfigurationList;
			buildConfigurations = (
				0229A7752A40B7D2001934A8 /* Debug */,
				0229A7762A40B7D2001934A8 /* Release */,
			);
			defaultConfigurationIsVisible = 0;
			defaultConfigurationName = Release;
		};
		0229A7772A40B7D2001934A8 /* Build configuration list for PBXNativeTarget "LearnMapKitiOS17" */ = {
			isa = XCConfigurationList;
			buildConfigurations = (
				0229A7782A40B7D2001934A8 /* Debug */,
				0229A7792A40B7D2001934A8 /* Release */,
			);
			defaultConfigurationIsVisible = 0;
			defaultConfigurationName = Release;
		};
		0229A77A2A40B7D2001934A8 /* Build configuration list for PBXNativeTarget "LearnMapKitiOS17Tests" */ = {
			isa = XCConfigurationList;
			buildConfigurations = (
				0229A77B2A40B7D2001934A8 /* Debug */,
				0229A77C2A40B7D2001934A8 /* Release */,
			);
			defaultConfigurationIsVisible = 0;
			defaultConfigurationName = Release;
		};
		0229A77D2A40B7D2001934A8 /* Build configuration list for PBXNativeTarget "LearnMapKitiOS17UITests" */ = {
			isa = XCConfigurationList;
			buildConfigurations = (
				0229A77E2A40B7D2001934A8 /* Debug */,
				0229A77F2A40B7D2001934A8 /* Release */,
			);
			defaultConfigurationIsVisible = 0;
			defaultConfigurationName = Release;
		};
/* End XCConfigurationList section */
	};
	rootObject = 0229A74B2A40B7D1001934A8 /* Project object */;
}
